{
  "name": "@xiliris/express-route-handler",
  "version": "1.0.2",
  "lockfileVersion": 3,
  "requires": true,
  "packages": {
    "": {
      "name": "@xiliris/express-route-handler",
      "version": "1.0.2",
      "license": "ISC",
      "dependencies": {
        "@xiliris/express-route-handler": "^1.0.2"
      }
    },
    "node_modules/@xiliris/express-route-handler": {
      "version": "1.0.2",
      "resolved": "https://registry.npmjs.org/@xiliris/express-route-handler/-/express-route-handler-1.0.2.tgz",
      "integrity": "sha512-iNIfTSSzKZzvHh2lYPC5MNLN2W5EmUqlphB399caWyK18j06hHQxrS4z1UACaIQ9OS2JNi+S48UlxMAgJf2xJA=="
    }
  }
}
